# THIS IS AN AUTOGENERATED FILE. DO NOT EDIT THIS FILE DIRECTLY.
# yarn lockfile v1


prettier@2.0.3:
  version "2.0.3"
  resolved "https://registry.yarnpkg.com/prettier/-/prettier-2.0.3.tgz#9a06f0e94a51420e78b6925568b5bec72afe41ea"
  integrity sha512-5qpBDBHO9fpE0zruKiTZm8Gxmz7kknO+WlQR/ivV+RMwgDw/WjOgmxLDn66MPrxq/WZPx/EgEZzh87xJO5E6Fw==

react-native-iphone-x-helper@^1.0.2:
  version "1.2.1"
  resolved "https://registry.yarnpkg.com/react-native-iphone-x-helper/-/react-native-iphone-x-helper-1.2.1.tgz#645e2ffbbb49e80844bb4cbbe34a126fda1e6772"
  integrity sha512-/VbpIEp8tSNNHIvstuA3Swx610whci1Zpc9mqNkqn14DkMbw+ORviln2u0XyHG1kPvvwTNGZY6QpeFwxYaSdbQ==
